
Microsoft Visual Studio Solution File, Format Version 12.00
# Visual Studio 15
VisualStudioVersion = 15.0.28307.271
MinimumVisualStudioVersion = 10.0.40219.1
Project("{FAE04EC0-301F-11D3-BF4B-00C04F79EFBC}") = "WebApiOigaTech", "WebApiOigaTech\WebApiOigaTech.csproj", "{6E002485-E63D-4332-8ABE-B50C07A1C1BA}"
EndProject
Project("{FAE04EC0-301F-11D3-BF4B-00C04F79EFBC}") = "DataAccess", "DataAccess\DataAccess.csproj", "{0D096298-5C71-47BE-994B-763D1FC95EB8}"
EndProject
Global
	GlobalSection(SolutionConfigurationPlatforms) = preSolution
		Debug|Any CPU = Debug|Any CPU
		Release|Any CPU = Release|Any CPU
	EndGlobalSection
	GlobalSection(ProjectConfigurationPlatforms) = postSolution
		{6E002485-E63D-4332-8ABE-B50C07A1C1BA}.Debug|Any CPU.ActiveCfg = Debug|Any CPU
		{6E002485-E63D-4332-8ABE-B50C07A1C1BA}.Debug|Any CPU.Build.0 = Debug|Any CPU
		{6E002485-E63D-4332-8ABE-B50C07A1C1BA}.Release|Any CPU.ActiveCfg = Release|Any CPU
		{6E002485-E63D-4332-8ABE-B50C07A1C1BA}.Release|Any CPU.Build.0 = Release|Any CPU
		{0D096298-5C71-47BE-994B-763D1FC95EB8}.Debug|Any CPU.ActiveCfg = Debug|Any CPU
		{0D096298-5C71-47BE-994B-763D1FC95EB8}.Debug|Any CPU.Build.0 = Debug|Any CPU
		{0D096298-5C71-47BE-994B-763D1FC95EB8}.Release|Any CPU.ActiveCfg = Release|Any CPU
		{0D096298-5C71-47BE-994B-763D1FC95EB8}.Release|Any CPU.Build.0 = Release|Any CPU
	EndGlobalSection
	GlobalSection(SolutionProperties) = preSolution
		HideSolutionNode = FALSE
	EndGlobalSection
	GlobalSection(ExtensibilityGlobals) = postSolution
		SolutionGuid = {21A72113-B279-4B8F-A550-CB434F5EF3F5}
	EndGlobalSection
EndGlobal
